// !$*UTF8*$!
{
	archiveVersion = 1;
	classes = {
	};
	objectVersion = 56;
	objects = {

/* Begin PBXBuildFile section */
		D6097F772BAD491F001405AE /* WidgetKit.framework in Frameworks */ = {isa = PBXBuildFile; fileRef = D60AEC812BAD0ED000220EF5 /* WidgetKit.framework */; };
		D6097F782BAD491F001405AE /* SwiftUI.framework in Frameworks */ = {isa = PBXBuildFile; fileRef = D60AEC832BAD0ED000220EF5 /* SwiftUI.framework */; };
		D6097F7B2BAD491F001405AE /* DisclosureWidgetsBundle.swift in Sources */ = {isa = PBXBuildFile; fileRef = D6097F7A2BAD491F001405AE /* DisclosureWidgetsBundle.swift */; };
		D6097F7D2BAD491F001405AE /* DisclosureWidgets.swift in Sources */ = {isa = PBXBuildFile; fileRef = D6097F7C2BAD491F001405AE /* DisclosureWidgets.swift */; };
		D6097F7F2BAD491F001405AE /* AppIntent.swift in Sources */ = {isa = PBXBuildFile; fileRef = D6097F7E2BAD491F001405AE /* AppIntent.swift */; };
		D6097F812BAD4920001405AE /* Assets.xcassets in Resources */ = {isa = PBXBuildFile; fileRef = D6097F802BAD4920001405AE /* Assets.xcassets */; };
		D6097F862BAD4920001405AE /* DisclosureWidgetsExtension.appex in Embed Foundation Extensions */ = {isa = PBXBuildFile; fileRef = D6097F762BAD491F001405AE /* DisclosureWidgetsExtension.appex */; settings = {ATTRIBUTES = (RemoveHeadersOnCopy, ); }; };
		D6097F8A2BAD4AFB001405AE /* Relapse.swift in Sources */ = {isa = PBXBuildFile; fileRef = D698D23F2B6F0BFC00904A59 /* Relapse.swift */; };
		D6097F8B2BAD4AFE001405AE /* Blahst.swift in Sources */ = {isa = PBXBuildFile; fileRef = D630B6C32B947D37000F1169 /* Blahst.swift */; };
		D60AEC9A2BAD1BAB00220EF5 /* StreakView.swift in Sources */ = {isa = PBXBuildFile; fileRef = D60AEC992BAD1BAB00220EF5 /* StreakView.swift */; };
		D6111E822B9418C1003F0801 /* TeamView.swift in Sources */ = {isa = PBXBuildFile; fileRef = D6111E812B9418C1003F0801 /* TeamView.swift */; };
		D6111E852B941B07003F0801 /* Person.swift in Sources */ = {isa = PBXBuildFile; fileRef = D6111E842B941B07003F0801 /* Person.swift */; };
		D6111E872B941BA0003F0801 /* Relation.swift in Sources */ = {isa = PBXBuildFile; fileRef = D6111E862B941BA0003F0801 /* Relation.swift */; };
		D6111E8A2B941D7D003F0801 /* iPhoneNumberField in Frameworks */ = {isa = PBXBuildFile; platformFilter = ios; productRef = D6111E892B941D7D003F0801 /* iPhoneNumberField */; };
		D6111E8C2B941E22003F0801 /* AddPersonView.swift in Sources */ = {isa = PBXBuildFile; fileRef = D6111E8B2B941E22003F0801 /* AddPersonView.swift */; };
		D6111E8E2B941FAA003F0801 /* TestData.swift in Sources */ = {isa = PBXBuildFile; fileRef = D6111E8D2B941FAA003F0801 /* TestData.swift */; };
		D61282BA2B90369A00CB5642 /* Scrap.rtf in Resources */ = {isa = PBXBuildFile; fileRef = D61282B92B90369A00CB5642 /* Scrap.rtf */; };
		D618EEEF2BAC891700CD9D84 /* SettingsView.swift in Sources */ = {isa = PBXBuildFile; fileRef = D618EEEE2BAC891700CD9D84 /* SettingsView.swift */; };
		D618EEF32BAC897A00CD9D84 /* Settings.swift in Sources */ = {isa = PBXBuildFile; fileRef = D618EEF22BAC897A00CD9D84 /* Settings.swift */; };
		D630B6C22B947509000F1169 /* DisclosureView.swift in Sources */ = {isa = PBXBuildFile; fileRef = D630B6C12B947509000F1169 /* DisclosureView.swift */; };
		D630B6C42B947D37000F1169 /* Blahst.swift in Sources */ = {isa = PBXBuildFile; fileRef = D630B6C32B947D37000F1169 /* Blahst.swift */; };
		D6448CF72B745CBF00C3DB72 /* LoggerView.swift in Sources */ = {isa = PBXBuildFile; fileRef = D6448CF62B745CBF00C3DB72 /* LoggerView.swift */; };
		D6448CF92B74A0DD00C3DB72 /* BlahstSelector.swift in Sources */ = {isa = PBXBuildFile; fileRef = D6448CF82B74A0DD00C3DB72 /* BlahstSelector.swift */; };
		D650F7F02BA40ED000A90081 /* Entry.swift in Sources */ = {isa = PBXBuildFile; fileRef = D650F7EF2BA40ED000A90081 /* Entry.swift */; };
		D660B0BE2BBC5EAD008084AF /* AppIntent.swift in Sources */ = {isa = PBXBuildFile; fileRef = D6097F7E2BAD491F001405AE /* AppIntent.swift */; };
		D660B0C02BBC68F7008084AF /* Shared.swift in Sources */ = {isa = PBXBuildFile; fileRef = D660B0BF2BBC68F7008084AF /* Shared.swift */; };
		D660B0C12BBC68F7008084AF /* Shared.swift in Sources */ = {isa = PBXBuildFile; fileRef = D660B0BF2BBC68F7008084AF /* Shared.swift */; };
		D660B0C22BBC6B15008084AF /* Person.swift in Sources */ = {isa = PBXBuildFile; fileRef = D6111E842B941B07003F0801 /* Person.swift */; };
		D660B0C32BBC6B19008084AF /* Relation.swift in Sources */ = {isa = PBXBuildFile; fileRef = D6111E862B941BA0003F0801 /* Relation.swift */; };
		D660B0C42BBC6B1E008084AF /* Entry.swift in Sources */ = {isa = PBXBuildFile; fileRef = D650F7EF2BA40ED000A90081 /* Entry.swift */; };
		D660B0C52BBC6B25008084AF /* Settings.swift in Sources */ = {isa = PBXBuildFile; fileRef = D618EEF22BAC897A00CD9D84 /* Settings.swift */; };
		D698D2402B6F0BFC00904A59 /* Relapse.swift in Sources */ = {isa = PBXBuildFile; fileRef = D698D23F2B6F0BFC00904A59 /* Relapse.swift */; };
		D698D2422B6F108F00904A59 /* TrackerView.swift in Sources */ = {isa = PBXBuildFile; fileRef = D698D2412B6F108F00904A59 /* TrackerView.swift */; };
		D69D71392B9FF809000B8E9E /* JournalView.swift in Sources */ = {isa = PBXBuildFile; fileRef = D69D71382B9FF809000B8E9E /* JournalView.swift */; };
		D6C3ED772BAB9BFC0021B9FD /* Legend.swift in Sources */ = {isa = PBXBuildFile; fileRef = D6C3ED762BAB9BFC0021B9FD /* Legend.swift */; };
		D6C3ED792BAB9C140021B9FD /* Annotation.swift in Sources */ = {isa = PBXBuildFile; fileRef = D6C3ED782BAB9C140021B9FD /* Annotation.swift */; };
		D6C81F112B6869D50010CFED /* DisclosureApp.swift in Sources */ = {isa = PBXBuildFile; fileRef = D6C81F102B6869D50010CFED /* DisclosureApp.swift */; };
		D6C81F132B6869D50010CFED /* ContentView.swift in Sources */ = {isa = PBXBuildFile; fileRef = D6C81F122B6869D50010CFED /* ContentView.swift */; };
		D6C81F172B6869D60010CFED /* Assets.xcassets in Resources */ = {isa = PBXBuildFile; fileRef = D6C81F162B6869D60010CFED /* Assets.xcassets */; };
		D6CED10E2BAA1F21002E1D23 /* LabeledPicker.swift in Sources */ = {isa = PBXBuildFile; fileRef = D6CED10D2BAA1F21002E1D23 /* LabeledPicker.swift */; };
		D6CF2A742B9F786A00CB5F32 /* Segue.swift in Sources */ = {isa = PBXBuildFile; fileRef = D6CF2A732B9F786A00CB5F32 /* Segue.swift */; };
		D6CF2A762B9F7DF700CB5F32 /* ErrorView.swift in Sources */ = {isa = PBXBuildFile; fileRef = D6CF2A752B9F7DF700CB5F32 /* ErrorView.swift */; };
		D6D5FCE52BAD4F5B009D4397 /* ChartScale.swift in Sources */ = {isa = PBXBuildFile; fileRef = D6E2A01E2B8DC1E900354BE5 /* ChartScale.swift */; };
		D6D5FCE62BAD4F9B009D4397 /* Helpers.swift in Sources */ = {isa = PBXBuildFile; fileRef = D6FD92402B7FF49B006B74D3 /* Helpers.swift */; };
		D6D5FCE72BAD50F6009D4397 /* StreakView.swift in Sources */ = {isa = PBXBuildFile; fileRef = D60AEC992BAD1BAB00220EF5 /* StreakView.swift */; };
		D6D9C22D2BA4F53A007973A0 /* AddEntryView.swift in Sources */ = {isa = PBXBuildFile; fileRef = D6D9C22C2BA4F53A007973A0 /* AddEntryView.swift */; };
		D6D9C22F2BA4FDE4007973A0 /* PodiumView.swift in Sources */ = {isa = PBXBuildFile; fileRef = D6D9C22E2BA4FDE4007973A0 /* PodiumView.swift */; };
		D6E2A01F2B8DC1E900354BE5 /* ChartScale.swift in Sources */ = {isa = PBXBuildFile; fileRef = D6E2A01E2B8DC1E900354BE5 /* ChartScale.swift */; };
		D6E2A0212B8DC23C00354BE5 /* ChartView.swift in Sources */ = {isa = PBXBuildFile; fileRef = D6E2A0202B8DC23C00354BE5 /* ChartView.swift */; };
		D6E2A0232B8DC9E800354BE5 /* ChartLens.swift in Sources */ = {isa = PBXBuildFile; fileRef = D6E2A0222B8DC9E800354BE5 /* ChartLens.swift */; };
		D6FAC87B2BA22F3E0023227E /* CustomTabView.swift in Sources */ = {isa = PBXBuildFile; fileRef = D6FAC87A2BA22F3E0023227E /* CustomTabView.swift */; };
		D6FAC87E2BA237B50023227E /* LinkButton.swift in Sources */ = {isa = PBXBuildFile; fileRef = D6FAC87D2BA237B50023227E /* LinkButton.swift */; };
		D6FD923F2B7F30B0006B74D3 /* LogView.swift in Sources */ = {isa = PBXBuildFile; fileRef = D6FD923E2B7F30B0006B74D3 /* LogView.swift */; };
		D6FD92412B7FF49B006B74D3 /* Helpers.swift in Sources */ = {isa = PBXBuildFile; fileRef = D6FD92402B7FF49B006B74D3 /* Helpers.swift */; };
/* End PBXBuildFile section */

/* Begin PBXContainerItemProxy section */
		D6097F842BAD4920001405AE /* PBXContainerItemProxy */ = {
			isa = PBXContainerItemProxy;
			containerPortal = D6C81F052B6869D50010CFED /* Project object */;
			proxyType = 1;
			remoteGlobalIDString = D6097F752BAD491F001405AE;
			remoteInfo = DisclosureWidgetsExtension;
		};
/* End PBXContainerItemProxy section */

/* Begin PBXCopyFilesBuildPhase section */
		D60AEC942BAD0ED100220EF5 /* Embed Foundation Extensions */ = {
			isa = PBXCopyFilesBuildPhase;
			buildActionMask = 2147483647;
			dstPath = "";
			dstSubfolderSpec = 13;
			files = (
				D6097F862BAD4920001405AE /* DisclosureWidgetsExtension.appex in Embed Foundation Extensions */,
			);
			name = "Embed Foundation Extensions";
			runOnlyForDeploymentPostprocessing = 0;
		};
/* End PBXCopyFilesBuildPhase section */

/* Begin PBXFileReference section */
		D6097F762BAD491F001405AE /* DisclosureWidgetsExtension.appex */ = {isa = PBXFileReference; explicitFileType = "wrapper.app-extension"; includeInIndex = 0; path = DisclosureWidgetsExtension.appex; sourceTree = BUILT_PRODUCTS_DIR; };
		D6097F7A2BAD491F001405AE /* DisclosureWidgetsBundle.swift */ = {isa = PBXFileReference; lastKnownFileType = sourcecode.swift; path = DisclosureWidgetsBundle.swift; sourceTree = "<group>"; };
		D6097F7C2BAD491F001405AE /* DisclosureWidgets.swift */ = {isa = PBXFileReference; lastKnownFileType = sourcecode.swift; path = DisclosureWidgets.swift; sourceTree = "<group>"; };
		D6097F7E2BAD491F001405AE /* AppIntent.swift */ = {isa = PBXFileReference; lastKnownFileType = sourcecode.swift; path = AppIntent.swift; sourceTree = "<group>"; };
		D6097F802BAD4920001405AE /* Assets.xcassets */ = {isa = PBXFileReference; lastKnownFileType = folder.assetcatalog; path = Assets.xcassets; sourceTree = "<group>"; };
		D6097F822BAD4920001405AE /* Info.plist */ = {isa = PBXFileReference; lastKnownFileType = text.plist.xml; path = Info.plist; sourceTree = "<group>"; };
		D6097F832BAD4920001405AE /* DisclosureWidgets.entitlements */ = {isa = PBXFileReference; lastKnownFileType = text.plist.entitlements; path = DisclosureWidgets.entitlements; sourceTree = "<group>"; };
		D60AEC812BAD0ED000220EF5 /* WidgetKit.framework */ = {isa = PBXFileReference; lastKnownFileType = wrapper.framework; name = WidgetKit.framework; path = /System/Library/Frameworks/WidgetKit.framework; sourceTree = "<absolute>"; };
		D60AEC832BAD0ED000220EF5 /* SwiftUI.framework */ = {isa = PBXFileReference; lastKnownFileType = wrapper.framework; name = SwiftUI.framework; path = /System/Library/Frameworks/SwiftUI.framework; sourceTree = "<absolute>"; };
		D60AEC992BAD1BAB00220EF5 /* StreakView.swift */ = {isa = PBXFileReference; lastKnownFileType = sourcecode.swift; path = StreakView.swift; sourceTree = "<group>"; };
		D6111E812B9418C1003F0801 /* TeamView.swift */ = {isa = PBXFileReference; lastKnownFileType = sourcecode.swift; path = TeamView.swift; sourceTree = "<group>"; };
		D6111E842B941B07003F0801 /* Person.swift */ = {isa = PBXFileReference; lastKnownFileType = sourcecode.swift; path = Person.swift; sourceTree = "<group>"; };
		D6111E862B941BA0003F0801 /* Relation.swift */ = {isa = PBXFileReference; lastKnownFileType = sourcecode.swift; path = Relation.swift; sourceTree = "<group>"; };
		D6111E8B2B941E22003F0801 /* AddPersonView.swift */ = {isa = PBXFileReference; lastKnownFileType = sourcecode.swift; path = AddPersonView.swift; sourceTree = "<group>"; };
		D6111E8D2B941FAA003F0801 /* TestData.swift */ = {isa = PBXFileReference; lastKnownFileType = sourcecode.swift; path = TestData.swift; sourceTree = "<group>"; };
		D61282B92B90369A00CB5642 /* Scrap.rtf */ = {isa = PBXFileReference; lastKnownFileType = text.rtf; path = Scrap.rtf; sourceTree = "<group>"; };
		D618EEEE2BAC891700CD9D84 /* SettingsView.swift */ = {isa = PBXFileReference; lastKnownFileType = sourcecode.swift; path = SettingsView.swift; sourceTree = "<group>"; };
		D618EEF22BAC897A00CD9D84 /* Settings.swift */ = {isa = PBXFileReference; lastKnownFileType = sourcecode.swift; path = Settings.swift; sourceTree = "<group>"; };
		D630B6C12B947509000F1169 /* DisclosureView.swift */ = {isa = PBXFileReference; lastKnownFileType = sourcecode.swift; path = DisclosureView.swift; sourceTree = "<group>"; };
		D630B6C32B947D37000F1169 /* Blahst.swift */ = {isa = PBXFileReference; lastKnownFileType = sourcecode.swift; path = Blahst.swift; sourceTree = "<group>"; };
		D6448CF62B745CBF00C3DB72 /* LoggerView.swift */ = {isa = PBXFileReference; lastKnownFileType = sourcecode.swift; path = LoggerView.swift; sourceTree = "<group>"; };
		D6448CF82B74A0DD00C3DB72 /* BlahstSelector.swift */ = {isa = PBXFileReference; lastKnownFileType = sourcecode.swift; path = BlahstSelector.swift; sourceTree = "<group>"; };
		D650F7EF2BA40ED000A90081 /* Entry.swift */ = {isa = PBXFileReference; lastKnownFileType = sourcecode.swift; path = Entry.swift; sourceTree = "<group>"; };
		D660B0BF2BBC68F7008084AF /* Shared.swift */ = {isa = PBXFileReference; lastKnownFileType = sourcecode.swift; path = Shared.swift; sourceTree = "<group>"; };
		D698D23F2B6F0BFC00904A59 /* Relapse.swift */ = {isa = PBXFileReference; lastKnownFileType = sourcecode.swift; path = Relapse.swift; sourceTree = "<group>"; };
		D698D2412B6F108F00904A59 /* TrackerView.swift */ = {isa = PBXFileReference; lastKnownFileType = sourcecode.swift; path = TrackerView.swift; sourceTree = "<group>"; };
		D69D71382B9FF809000B8E9E /* JournalView.swift */ = {isa = PBXFileReference; lastKnownFileType = sourcecode.swift; path = JournalView.swift; sourceTree = "<group>"; };
		D6C3ED762BAB9BFC0021B9FD /* Legend.swift */ = {isa = PBXFileReference; lastKnownFileType = sourcecode.swift; path = Legend.swift; sourceTree = "<group>"; };
		D6C3ED782BAB9C140021B9FD /* Annotation.swift */ = {isa = PBXFileReference; lastKnownFileType = sourcecode.swift; path = Annotation.swift; sourceTree = "<group>"; };
		D6C81F0D2B6869D50010CFED /* Disclosure.app */ = {isa = PBXFileReference; explicitFileType = wrapper.application; includeInIndex = 0; path = Disclosure.app; sourceTree = BUILT_PRODUCTS_DIR; };
		D6C81F102B6869D50010CFED /* DisclosureApp.swift */ = {isa = PBXFileReference; lastKnownFileType = sourcecode.swift; path = DisclosureApp.swift; sourceTree = "<group>"; };
		D6C81F122B6869D50010CFED /* ContentView.swift */ = {isa = PBXFileReference; lastKnownFileType = sourcecode.swift; path = ContentView.swift; sourceTree = "<group>"; };
		D6C81F162B6869D60010CFED /* Assets.xcassets */ = {isa = PBXFileReference; lastKnownFileType = folder.assetcatalog; path = Assets.xcassets; sourceTree = "<group>"; };
		D6CED10D2BAA1F21002E1D23 /* LabeledPicker.swift */ = {isa = PBXFileReference; lastKnownFileType = sourcecode.swift; path = LabeledPicker.swift; sourceTree = "<group>"; };
		D6CF2A732B9F786A00CB5F32 /* Segue.swift */ = {isa = PBXFileReference; lastKnownFileType = sourcecode.swift; path = Segue.swift; sourceTree = "<group>"; };
		D6CF2A752B9F7DF700CB5F32 /* ErrorView.swift */ = {isa = PBXFileReference; lastKnownFileType = sourcecode.swift; path = ErrorView.swift; sourceTree = "<group>"; };
		D6D9C22C2BA4F53A007973A0 /* AddEntryView.swift */ = {isa = PBXFileReference; lastKnownFileType = sourcecode.swift; path = AddEntryView.swift; sourceTree = "<group>"; };
		D6D9C22E2BA4FDE4007973A0 /* PodiumView.swift */ = {isa = PBXFileReference; lastKnownFileType = sourcecode.swift; path = PodiumView.swift; sourceTree = "<group>"; };
		D6E2A01E2B8DC1E900354BE5 /* ChartScale.swift */ = {isa = PBXFileReference; lastKnownFileType = sourcecode.swift; path = ChartScale.swift; sourceTree = "<group>"; };
		D6E2A0202B8DC23C00354BE5 /* ChartView.swift */ = {isa = PBXFileReference; lastKnownFileType = sourcecode.swift; path = ChartView.swift; sourceTree = "<group>"; };
		D6E2A0222B8DC9E800354BE5 /* ChartLens.swift */ = {isa = PBXFileReference; lastKnownFileType = sourcecode.swift; path = ChartLens.swift; sourceTree = "<group>"; };
		D6FAC87A2BA22F3E0023227E /* CustomTabView.swift */ = {isa = PBXFileReference; lastKnownFileType = sourcecode.swift; path = CustomTabView.swift; sourceTree = "<group>"; };
		D6FAC87D2BA237B50023227E /* LinkButton.swift */ = {isa = PBXFileReference; lastKnownFileType = sourcecode.swift; path = LinkButton.swift; sourceTree = "<group>"; };
		D6FD923E2B7F30B0006B74D3 /* LogView.swift */ = {isa = PBXFileReference; lastKnownFileType = sourcecode.swift; path = LogView.swift; sourceTree = "<group>"; };
		D6FD92402B7FF49B006B74D3 /* Helpers.swift */ = {isa = PBXFileReference; lastKnownFileType = sourcecode.swift; path = Helpers.swift; sourceTree = "<group>"; };
/* End PBXFileReference section */

/* Begin PBXFrameworksBuildPhase section */
		D6097F732BAD491F001405AE /* Frameworks */ = {
			isa = PBXFrameworksBuildPhase;
			buildActionMask = 2147483647;
			files = (
				D6097F782BAD491F001405AE /* SwiftUI.framework in Frameworks */,
				D6097F772BAD491F001405AE /* WidgetKit.framework in Frameworks */,
			);
			runOnlyForDeploymentPostprocessing = 0;
		};
		D6C81F0A2B6869D50010CFED /* Frameworks */ = {
			isa = PBXFrameworksBuildPhase;
			buildActionMask = 2147483647;
			files = (
				D6111E8A2B941D7D003F0801 /* iPhoneNumberField in Frameworks */,
			);
			runOnlyForDeploymentPostprocessing = 0;
		};
/* End PBXFrameworksBuildPhase section */

/* Begin PBXGroup section */
		D60969FA2B9F7799001B3A02 /* View */ = {
			isa = PBXGroup;
			children = (
				D6C81F122B6869D50010CFED /* ContentView.swift */,
				D6111E832B9418CB003F0801 /* Tab 1 */,
				D6FD923B2B7F2752006B74D3 /* Tab 2 */,
				D69D713A2B9FF810000B8E9E /* Tab 3 */,
				D618EEF12BAC893400CD9D84 /* Tab 5 */,
				D630B6C12B947509000F1169 /* DisclosureView.swift */,
				D6CF2A752B9F7DF700CB5F32 /* ErrorView.swift */,
			);
			name = View;
			sourceTree = "<group>";
		};
		D6097F792BAD491F001405AE /* DisclosureWidgets */ = {
			isa = PBXGroup;
			children = (
				D6097F7A2BAD491F001405AE /* DisclosureWidgetsBundle.swift */,
				D6097F7C2BAD491F001405AE /* DisclosureWidgets.swift */,
				D6097F7E2BAD491F001405AE /* AppIntent.swift */,
				D6097F802BAD4920001405AE /* Assets.xcassets */,
				D6097F822BAD4920001405AE /* Info.plist */,
				D6097F832BAD4920001405AE /* DisclosureWidgets.entitlements */,
			);
			path = DisclosureWidgets;
			sourceTree = "<group>";
		};
		D60AEC802BAD0ED000220EF5 /* Frameworks */ = {
			isa = PBXGroup;
			children = (
				D60AEC812BAD0ED000220EF5 /* WidgetKit.framework */,
				D60AEC832BAD0ED000220EF5 /* SwiftUI.framework */,
			);
			name = Frameworks;
			sourceTree = "<group>";
		};
		D6111E832B9418CB003F0801 /* Tab 1 */ = {
			isa = PBXGroup;
			children = (
				D6111E812B9418C1003F0801 /* TeamView.swift */,
				D6111E8B2B941E22003F0801 /* AddPersonView.swift */,
			);
			name = "Tab 1";
			sourceTree = "<group>";
		};
		D618EEF12BAC893400CD9D84 /* Tab 5 */ = {
			isa = PBXGroup;
			children = (
				D618EEEE2BAC891700CD9D84 /* SettingsView.swift */,
			);
			name = "Tab 5";
			sourceTree = "<group>";
		};
		D69D713A2B9FF810000B8E9E /* Tab 3 */ = {
			isa = PBXGroup;
			children = (
				D69D71382B9FF809000B8E9E /* JournalView.swift */,
				D6D9C22E2BA4FDE4007973A0 /* PodiumView.swift */,
				D6D9C22C2BA4F53A007973A0 /* AddEntryView.swift */,
			);
			name = "Tab 3";
			sourceTree = "<group>";
		};
		D6C3ED752BAB9BE70021B9FD /* Chart */ = {
			isa = PBXGroup;
			children = (
				D6E2A0202B8DC23C00354BE5 /* ChartView.swift */,
				D6C3ED762BAB9BFC0021B9FD /* Legend.swift */,
				D6C3ED782BAB9C140021B9FD /* Annotation.swift */,
			);
			name = Chart;
			sourceTree = "<group>";
		};
		D6C81F042B6869D50010CFED = {
			isa = PBXGroup;
			children = (
				D6C81F0F2B6869D50010CFED /* Disclosure */,
				D6097F792BAD491F001405AE /* DisclosureWidgets */,
				D60AEC802BAD0ED000220EF5 /* Frameworks */,
				D6C81F0E2B6869D50010CFED /* Products */,
			);
			sourceTree = "<group>";
		};
		D6C81F0E2B6869D50010CFED /* Products */ = {
			isa = PBXGroup;
			children = (
				D6C81F0D2B6869D50010CFED /* Disclosure.app */,
				D6097F762BAD491F001405AE /* DisclosureWidgetsExtension.appex */,
			);
			name = Products;
			sourceTree = "<group>";
		};
		D6C81F0F2B6869D50010CFED /* Disclosure */ = {
			isa = PBXGroup;
			children = (
				D61282B92B90369A00CB5642 /* Scrap.rtf */,
				D6C81F102B6869D50010CFED /* DisclosureApp.swift */,
				D6FD92402B7FF49B006B74D3 /* Helpers.swift */,
				D60969FA2B9F7799001B3A02 /* View */,
				D6FD923D2B7F278A006B74D3 /* Model */,
				D6FAC87C2BA22F430023227E /* UI Elements */,
				D6C81F162B6869D60010CFED /* Assets.xcassets */,
			);
			path = Disclosure;
			sourceTree = "<group>";
		};
		D6CF2A702B9F77FD00CB5F32 /* Relapse */ = {
			isa = PBXGroup;
			children = (
				D698D23F2B6F0BFC00904A59 /* Relapse.swift */,
				D630B6C32B947D37000F1169 /* Blahst.swift */,
			);
			name = Relapse;
			sourceTree = "<group>";
		};
		D6CF2A712B9F783000CB5F32 /* Person */ = {
			isa = PBXGroup;
			children = (
				D6111E842B941B07003F0801 /* Person.swift */,
				D6111E862B941BA0003F0801 /* Relation.swift */,
			);
			name = Person;
			sourceTree = "<group>";
		};
		D6CF2A722B9F784300CB5F32 /* Chart */ = {
			isa = PBXGroup;
			children = (
				D6E2A01E2B8DC1E900354BE5 /* ChartScale.swift */,
				D6E2A0222B8DC9E800354BE5 /* ChartLens.swift */,
			);
			name = Chart;
			sourceTree = "<group>";
		};
		D6FAC87C2BA22F430023227E /* UI Elements */ = {
			isa = PBXGroup;
			children = (
				D6448CF82B74A0DD00C3DB72 /* BlahstSelector.swift */,
				D6CED10D2BAA1F21002E1D23 /* LabeledPicker.swift */,
				D6FAC87A2BA22F3E0023227E /* CustomTabView.swift */,
				D6FAC87D2BA237B50023227E /* LinkButton.swift */,
			);
			name = "UI Elements";
			sourceTree = "<group>";
		};
		D6FD923B2B7F2752006B74D3 /* Tab 2 */ = {
			isa = PBXGroup;
			children = (
				D698D2412B6F108F00904A59 /* TrackerView.swift */,
				D60AEC992BAD1BAB00220EF5 /* StreakView.swift */,
				D6C3ED752BAB9BE70021B9FD /* Chart */,
				D6FD923E2B7F30B0006B74D3 /* LogView.swift */,
				D6448CF62B745CBF00C3DB72 /* LoggerView.swift */,
			);
			name = "Tab 2";
			sourceTree = "<group>";
		};
		D6FD923D2B7F278A006B74D3 /* Model */ = {
			isa = PBXGroup;
			children = (
				D660B0BF2BBC68F7008084AF /* Shared.swift */,
				D6111E8D2B941FAA003F0801 /* TestData.swift */,
				D6CF2A702B9F77FD00CB5F32 /* Relapse */,
				D6CF2A712B9F783000CB5F32 /* Person */,
				D6CF2A722B9F784300CB5F32 /* Chart */,
				D650F7EF2BA40ED000A90081 /* Entry.swift */,
				D618EEF22BAC897A00CD9D84 /* Settings.swift */,
				D6CF2A732B9F786A00CB5F32 /* Segue.swift */,
			);
			name = Model;
			sourceTree = "<group>";
		};
/* End PBXGroup section */

/* Begin PBXNativeTarget section */
		D6097F752BAD491F001405AE /* DisclosureWidgetsExtension */ = {
			isa = PBXNativeTarget;
			buildConfigurationList = D6097F872BAD4920001405AE /* Build configuration list for PBXNativeTarget "DisclosureWidgetsExtension" */;
			buildPhases = (
				D6097F722BAD491F001405AE /* Sources */,
				D6097F732BAD491F001405AE /* Frameworks */,
				D6097F742BAD491F001405AE /* Resources */,
			);
			buildRules = (
			);
			dependencies = (
			);
			name = DisclosureWidgetsExtension;
			productName = DisclosureWidgetsExtension;
			productReference = D6097F762BAD491F001405AE /* DisclosureWidgetsExtension.appex */;
			productType = "com.apple.product-type.app-extension";
		};
		D6C81F0C2B6869D50010CFED /* Disclosure */ = {
			isa = PBXNativeTarget;
			buildConfigurationList = D6C81F1E2B6869D60010CFED /* Build configuration list for PBXNativeTarget "Disclosure" */;
			buildPhases = (
				D6C81F092B6869D50010CFED /* Sources */,
				D6C81F0A2B6869D50010CFED /* Frameworks */,
				D6C81F0B2B6869D50010CFED /* Resources */,
				D60AEC942BAD0ED100220EF5 /* Embed Foundation Extensions */,
			);
			buildRules = (
			);
			dependencies = (
				D6097F852BAD4920001405AE /* PBXTargetDependency */,
			);
			name = Disclosure;
			packageProductDependencies = (
				D6111E892B941D7D003F0801 /* iPhoneNumberField */,
			);
			productName = Disclosure;
			productReference = D6C81F0D2B6869D50010CFED /* Disclosure.app */;
			productType = "com.apple.product-type.application";
		};
/* End PBXNativeTarget section */

/* Begin PBXProject section */
		D6C81F052B6869D50010CFED /* Project object */ = {
			isa = PBXProject;
			attributes = {
				BuildIndependentTargetsInParallel = 1;
				LastSwiftUpdateCheck = 1520;
				LastUpgradeCheck = 1520;
				TargetAttributes = {
					D6097F752BAD491F001405AE = {
						CreatedOnToolsVersion = 15.2;
					};
					D6C81F0C2B6869D50010CFED = {
						CreatedOnToolsVersion = 15.2;
					};
				};
			};
			buildConfigurationList = D6C81F082B6869D50010CFED /* Build configuration list for PBXProject "Disclosure" */;
			compatibilityVersion = "Xcode 14.0";
			developmentRegion = en;
			hasScannedForEncodings = 0;
			knownRegions = (
				en,
				Base,
			);
			mainGroup = D6C81F042B6869D50010CFED;
			packageReferences = (
				D6111E882B941D7D003F0801 /* XCRemoteSwiftPackageReference "iPhoneNumberField" */,
			);
			productRefGroup = D6C81F0E2B6869D50010CFED /* Products */;
			projectDirPath = "";
			projectRoot = "";
			targets = (
				D6C81F0C2B6869D50010CFED /* Disclosure */,
				D6097F752BAD491F001405AE /* DisclosureWidgetsExtension */,
			);
		};
/* End PBXProject section */

/* Begin PBXResourcesBuildPhase section */
		D6097F742BAD491F001405AE /* Resources */ = {
			isa = PBXResourcesBuildPhase;
			buildActionMask = 2147483647;
			files = (
				D6097F812BAD4920001405AE /* Assets.xcassets in Resources */,
			);
			runOnlyForDeploymentPostprocessing = 0;
		};
		D6C81F0B2B6869D50010CFED /* Resources */ = {
			isa = PBXResourcesBuildPhase;
			buildActionMask = 2147483647;
			files = (
				D61282BA2B90369A00CB5642 /* Scrap.rtf in Resources */,
				D6C81F172B6869D60010CFED /* Assets.xcassets in Resources */,
			);
			runOnlyForDeploymentPostprocessing = 0;
		};
/* End PBXResourcesBuildPhase section */

/* Begin PBXSourcesBuildPhase section */
		D6097F722BAD491F001405AE /* Sources */ = {
			isa = PBXSourcesBuildPhase;
			buildActionMask = 2147483647;
			files = (
				D660B0C42BBC6B1E008084AF /* Entry.swift in Sources */,
				D660B0C22BBC6B15008084AF /* Person.swift in Sources */,
				D660B0C52BBC6B25008084AF /* Settings.swift in Sources */,
				D6D5FCE72BAD50F6009D4397 /* StreakView.swift in Sources */,
				D6097F8A2BAD4AFB001405AE /* Relapse.swift in Sources */,
				D6D5FCE62BAD4F9B009D4397 /* Helpers.swift in Sources */,
				D6097F8B2BAD4AFE001405AE /* Blahst.swift in Sources */,
				D660B0C12BBC68F7008084AF /* Shared.swift in Sources */,
				D6097F7D2BAD491F001405AE /* DisclosureWidgets.swift in Sources */,
				D6097F7B2BAD491F001405AE /* DisclosureWidgetsBundle.swift in Sources */,
				D6097F7F2BAD491F001405AE /* AppIntent.swift in Sources */,
				D6D5FCE52BAD4F5B009D4397 /* ChartScale.swift in Sources */,
				D660B0C32BBC6B19008084AF /* Relation.swift in Sources */,
			);
			runOnlyForDeploymentPostprocessing = 0;
		};
		D6C81F092B6869D50010CFED /* Sources */ = {
			isa = PBXSourcesBuildPhase;
			buildActionMask = 2147483647;
			files = (
				D650F7F02BA40ED000A90081 /* Entry.swift in Sources */,
				D6D9C22D2BA4F53A007973A0 /* AddEntryView.swift in Sources */,
				D698D2402B6F0BFC00904A59 /* Relapse.swift in Sources */,
				D6C81F132B6869D50010CFED /* ContentView.swift in Sources */,
				D6111E8C2B941E22003F0801 /* AddPersonView.swift in Sources */,
				D630B6C22B947509000F1169 /* DisclosureView.swift in Sources */,
				D6111E8E2B941FAA003F0801 /* TestData.swift in Sources */,
				D6E2A01F2B8DC1E900354BE5 /* ChartScale.swift in Sources */,
				D6111E872B941BA0003F0801 /* Relation.swift in Sources */,
				D6FAC87B2BA22F3E0023227E /* CustomTabView.swift in Sources */,
				D6C3ED772BAB9BFC0021B9FD /* Legend.swift in Sources */,
				D630B6C42B947D37000F1169 /* Blahst.swift in Sources */,
				D6E2A0212B8DC23C00354BE5 /* ChartView.swift in Sources */,
				D6CED10E2BAA1F21002E1D23 /* LabeledPicker.swift in Sources */,
				D6D9C22F2BA4FDE4007973A0 /* PodiumView.swift in Sources */,
				D618EEEF2BAC891700CD9D84 /* SettingsView.swift in Sources */,
				D60AEC9A2BAD1BAB00220EF5 /* StreakView.swift in Sources */,
				D6C81F112B6869D50010CFED /* DisclosureApp.swift in Sources */,
				D6FD92412B7FF49B006B74D3 /* Helpers.swift in Sources */,
				D6E2A0232B8DC9E800354BE5 /* ChartLens.swift in Sources */,
				D6C3ED792BAB9C140021B9FD /* Annotation.swift in Sources */,
				D698D2422B6F108F00904A59 /* TrackerView.swift in Sources */,
				D660B0C02BBC68F7008084AF /* Shared.swift in Sources */,
				D618EEF32BAC897A00CD9D84 /* Settings.swift in Sources */,
				D6448CF92B74A0DD00C3DB72 /* BlahstSelector.swift in Sources */,
				D6448CF72B745CBF00C3DB72 /* LoggerView.swift in Sources */,
				D6CF2A762B9F7DF700CB5F32 /* ErrorView.swift in Sources */,
				D660B0BE2BBC5EAD008084AF /* AppIntent.swift in Sources */,
				D6111E852B941B07003F0801 /* Person.swift in Sources */,
				D6FAC87E2BA237B50023227E /* LinkButton.swift in Sources */,
				D6FD923F2B7F30B0006B74D3 /* LogView.swift in Sources */,
				D69D71392B9FF809000B8E9E /* JournalView.swift in Sources */,
				D6CF2A742B9F786A00CB5F32 /* Segue.swift in Sources */,
				D6111E822B9418C1003F0801 /* TeamView.swift in Sources */,
			);
			runOnlyForDeploymentPostprocessing = 0;
		};
/* End PBXSourcesBuildPhase section */

/* Begin PBXTargetDependency section */
		D6097F852BAD4920001405AE /* PBXTargetDependency */ = {
			isa = PBXTargetDependency;
			target = D6097F752BAD491F001405AE /* DisclosureWidgetsExtension */;
			targetProxy = D6097F842BAD4920001405AE /* PBXContainerItemProxy */;
		};
/* End PBXTargetDependency section */

/* Begin XCBuildConfiguration section */
		D6097F882BAD4920001405AE /* Debug */ = {
			isa = XCBuildConfiguration;
			buildSettings = {
				ASSETCATALOG_COMPILER_GLOBAL_ACCENT_COLOR_NAME = AccentColor;
				ASSETCATALOG_COMPILER_WIDGET_BACKGROUND_COLOR_NAME = WidgetBackground;
				CODE_SIGN_ENTITLEMENTS = DisclosureWidgets/DisclosureWidgets.entitlements;
				CODE_SIGN_STYLE = Automatic;
				CURRENT_PROJECT_VERSION = 1;
				DEVELOPMENT_TEAM = RZ775S6QM6;
				ENABLE_HARDENED_RUNTIME = YES;
				GENERATE_INFOPLIST_FILE = YES;
				INFOPLIST_FILE = DisclosureWidgets/Info.plist;
				INFOPLIST_KEY_CFBundleDisplayName = DisclosureWidgets;
				INFOPLIST_KEY_NSHumanReadableCopyright = "";
				IPHONEOS_DEPLOYMENT_TARGET = 17.2;
				LD_RUNPATH_SEARCH_PATHS = (
					"$(inherited)",
					"@executable_path/Frameworks",
					"@executable_path/../../Frameworks",
				);
				"LD_RUNPATH_SEARCH_PATHS[sdk=macosx*]" = (
					"$(inherited)",
					"@executable_path/../Frameworks",
					"@executable_path/../../../../Frameworks",
				);
				MACOSX_DEPLOYMENT_TARGET = 14.0;
				MARKETING_VERSION = 1.0;
				PRODUCT_BUNDLE_IDENTIFIER = "Tyson-Freeze.Disclosure.DisclosureWidgets";
				PRODUCT_NAME = "$(TARGET_NAME)";
				SDKROOT = auto;
				SKIP_INSTALL = YES;
				SUPPORTED_PLATFORMS = "iphoneos iphonesimulator macosx";
				SWIFT_EMIT_LOC_STRINGS = YES;
				SWIFT_VERSION = 5.0;
				TARGETED_DEVICE_FAMILY = "1,2";
			};
			name = Debug;
		};
		D6097F892BAD4920001405AE /* Release */ = {
			isa = XCBuildConfiguration;
			buildSettings = {
				ASSETCATALOG_COMPILER_GLOBAL_ACCENT_COLOR_NAME = AccentColor;
				ASSETCATALOG_COMPILER_WIDGET_BACKGROUND_COLOR_NAME = WidgetBackground;
				CODE_SIGN_ENTITLEMENTS = DisclosureWidgets/DisclosureWidgets.entitlements;
				CODE_SIGN_STYLE = Automatic;
				CURRENT_PROJECT_VERSION = 1;
				DEVELOPMENT_TEAM = RZ775S6QM6;
				ENABLE_HARDENED_RUNTIME = YES;
				GENERATE_INFOPLIST_FILE = YES;
				INFOPLIST_FILE = DisclosureWidgets/Info.plist;
				INFOPLIST_KEY_CFBundleDisplayName = DisclosureWidgets;
				INFOPLIST_KEY_NSHumanReadableCopyright = "";
				IPHONEOS_DEPLOYMENT_TARGET = 17.2;
				LD_RUNPATH_SEARCH_PATHS = (
					"$(inherited)",
					"@executable_path/Frameworks",
					"@executable_path/../../Frameworks",
				);
				"LD_RUNPATH_SEARCH_PATHS[sdk=macosx*]" = (
					"$(inherited)",
					"@executable_path/../Frameworks",
					"@executable_path/../../../../Frameworks",
				);
				MACOSX_DEPLOYMENT_TARGET = 14.0;
				MARKETING_VERSION = 1.0;
				PRODUCT_BUNDLE_IDENTIFIER = "Tyson-Freeze.Disclosure.DisclosureWidgets";
				PRODUCT_NAME = "$(TARGET_NAME)";
				SDKROOT = auto;
				SKIP_INSTALL = YES;
				SUPPORTED_PLATFORMS = "iphoneos iphonesimulator macosx";
				SWIFT_EMIT_LOC_STRINGS = YES;
				SWIFT_VERSION = 5.0;
				TARGETED_DEVICE_FAMILY = "1,2";
			};
			name = Release;
		};
		D6C81F1C2B6869D60010CFED /* Debug */ = {
			isa = XCBuildConfiguration;
			buildSettings = {
				ALWAYS_SEARCH_USER_PATHS = NO;
				ASSETCATALOG_COMPILER_GENERATE_SWIFT_ASSET_SYMBOL_EXTENSIONS = YES;
				CLANG_ANALYZER_NONNULL = YES;
				CLANG_ANALYZER_NUMBER_OBJECT_CONVERSION = YES_AGGRESSIVE;
				CLANG_CXX_LANGUAGE_STANDARD = "gnu++20";
				CLANG_ENABLE_MODULES = YES;
				CLANG_ENABLE_OBJC_ARC = YES;
				CLANG_ENABLE_OBJC_WEAK = YES;
				CLANG_WARN_BLOCK_CAPTURE_AUTORELEASING = YES;
				CLANG_WARN_BOOL_CONVERSION = YES;
				CLANG_WARN_COMMA = YES;
				CLANG_WARN_CONSTANT_CONVERSION = YES;
				CLANG_WARN_DEPRECATED_OBJC_IMPLEMENTATIONS = YES;
				CLANG_WARN_DIRECT_OBJC_ISA_USAGE = YES_ERROR;
				CLANG_WARN_DOCUMENTATION_COMMENTS = YES;
				CLANG_WARN_EMPTY_BODY = YES;
				CLANG_WARN_ENUM_CONVERSION = YES;
				CLANG_WARN_INFINITE_RECURSION = YES;
				CLANG_WARN_INT_CONVERSION = YES;
				CLANG_WARN_NON_LITERAL_NULL_CONVERSION = YES;
				CLANG_WARN_OBJC_IMPLICIT_RETAIN_SELF = YES;
				CLANG_WARN_OBJC_LITERAL_CONVERSION = YES;
				CLANG_WARN_OBJC_ROOT_CLASS = YES_ERROR;
				CLANG_WARN_QUOTED_INCLUDE_IN_FRAMEWORK_HEADER = YES;
				CLANG_WARN_RANGE_LOOP_ANALYSIS = YES;
				CLANG_WARN_STRICT_PROTOTYPES = YES;
				CLANG_WARN_SUSPICIOUS_MOVE = YES;
				CLANG_WARN_UNGUARDED_AVAILABILITY = YES_AGGRESSIVE;
				CLANG_WARN_UNREACHABLE_CODE = YES;
				CLANG_WARN__DUPLICATE_METHOD_MATCH = YES;
				COPY_PHASE_STRIP = NO;
				DEBUG_INFORMATION_FORMAT = dwarf;
				ENABLE_STRICT_OBJC_MSGSEND = YES;
				ENABLE_TESTABILITY = YES;
				ENABLE_USER_SCRIPT_SANDBOXING = YES;
				GCC_C_LANGUAGE_STANDARD = gnu17;
				GCC_DYNAMIC_NO_PIC = NO;
				GCC_NO_COMMON_BLOCKS = YES;
				GCC_OPTIMIZATION_LEVEL = 0;
				GCC_PREPROCESSOR_DEFINITIONS = (
					"DEBUG=1",
					"$(inherited)",
				);
				GCC_WARN_64_TO_32_BIT_CONVERSION = YES;
				GCC_WARN_ABOUT_RETURN_TYPE = YES_ERROR;
				GCC_WARN_UNDECLARED_SELECTOR = YES;
				GCC_WARN_UNINITIALIZED_AUTOS = YES_AGGRESSIVE;
				GCC_WARN_UNUSED_FUNCTION = YES;
				GCC_WARN_UNUSED_VARIABLE = YES;
				LOCALIZATION_PREFERS_STRING_CATALOGS = YES;
				MTL_ENABLE_DEBUG_INFO = INCLUDE_SOURCE;
				MTL_FAST_MATH = YES;
				ONLY_ACTIVE_ARCH = YES;
				SWIFT_ACTIVE_COMPILATION_CONDITIONS = "DEBUG $(inherited)";
				SWIFT_OPTIMIZATION_LEVEL = "-Onone";
			};
			name = Debug;
		};
		D6C81F1D2B6869D60010CFED /* Release */ = {
			isa = XCBuildConfiguration;
			buildSettings = {
				ALWAYS_SEARCH_USER_PATHS = NO;
				ASSETCATALOG_COMPILER_GENERATE_SWIFT_ASSET_SYMBOL_EXTENSIONS = YES;
				CLANG_ANALYZER_NONNULL = YES;
				CLANG_ANALYZER_NUMBER_OBJECT_CONVERSION = YES_AGGRESSIVE;
				CLANG_CXX_LANGUAGE_STANDARD = "gnu++20";
				CLANG_ENABLE_MODULES = YES;
				CLANG_ENABLE_OBJC_ARC = YES;
				CLANG_ENABLE_OBJC_WEAK = YES;
				CLANG_WARN_BLOCK_CAPTURE_AUTORELEASING = YES;
				CLANG_WARN_BOOL_CONVERSION = YES;
				CLANG_WARN_COMMA = YES;
				CLANG_WARN_CONSTANT_CONVERSION = YES;
				CLANG_WARN_DEPRECATED_OBJC_IMPLEMENTATIONS = YES;
				CLANG_WARN_DIRECT_OBJC_ISA_USAGE = YES_ERROR;
				CLANG_WARN_DOCUMENTATION_COMMENTS = YES;
				CLANG_WARN_EMPTY_BODY = YES;
				CLANG_WARN_ENUM_CONVERSION = YES;
				CLANG_WARN_INFINITE_RECURSION = YES;
				CLANG_WARN_INT_CONVERSION = YES;
				CLANG_WARN_NON_LITERAL_NULL_CONVERSION = YES;
				CLANG_WARN_OBJC_IMPLICIT_RETAIN_SELF = YES;
				CLANG_WARN_OBJC_LITERAL_CONVERSION = YES;
				CLANG_WARN_OBJC_ROOT_CLASS = YES_ERROR;
				CLANG_WARN_QUOTED_INCLUDE_IN_FRAMEWORK_HEADER = YES;
				CLANG_WARN_RANGE_LOOP_ANALYSIS = YES;
				CLANG_WARN_STRICT_PROTOTYPES = YES;
				CLANG_WARN_SUSPICIOUS_MOVE = YES;
				CLANG_WARN_UNGUARDED_AVAILABILITY = YES_AGGRESSIVE;
				CLANG_WARN_UNREACHABLE_CODE = YES;
				CLANG_WARN__DUPLICATE_METHOD_MATCH = YES;
				COPY_PHASE_STRIP = NO;
				DEBUG_INFORMATION_FORMAT = "dwarf-with-dsym";
				ENABLE_NS_ASSERTIONS = NO;
				ENABLE_STRICT_OBJC_MSGSEND = YES;
				ENABLE_USER_SCRIPT_SANDBOXING = YES;
				GCC_C_LANGUAGE_STANDARD = gnu17;
				GCC_NO_COMMON_BLOCKS = YES;
				GCC_WARN_64_TO_32_BIT_CONVERSION = YES;
				GCC_WARN_ABOUT_RETURN_TYPE = YES_ERROR;
				GCC_WARN_UNDECLARED_SELECTOR = YES;
				GCC_WARN_UNINITIALIZED_AUTOS = YES_AGGRESSIVE;
				GCC_WARN_UNUSED_FUNCTION = YES;
				GCC_WARN_UNUSED_VARIABLE = YES;
				LOCALIZATION_PREFERS_STRING_CATALOGS = YES;
				MTL_ENABLE_DEBUG_INFO = NO;
				MTL_FAST_MATH = YES;
				SWIFT_COMPILATION_MODE = wholemodule;
			};
			name = Release;
		};
		D6C81F1F2B6869D60010CFED /* Debug */ = {
			isa = XCBuildConfiguration;
			buildSettings = {
				ALWAYS_EMBED_SWIFT_STANDARD_LIBRARIES = YES;
				ASSETCATALOG_COMPILER_APPICON_NAME = AppIcon;
				ASSETCATALOG_COMPILER_GLOBAL_ACCENT_COLOR_NAME = AccentColor;
				CODE_SIGN_ENTITLEMENTS = Disclosure/Disclosure.entitlements;
				CODE_SIGN_STYLE = Automatic;
				CURRENT_PROJECT_VERSION = 1;
				DEVELOPMENT_ASSET_PATHS = "\"Disclosure/Preview Content\"";
				DEVELOPMENT_TEAM = RZ775S6QM6;
				ENABLE_PREVIEWS = YES;
				GENERATE_INFOPLIST_FILE = YES;
				INFOPLIST_FILE = Disclosure/Info.plist;
				"INFOPLIST_KEY_UIApplicationSceneManifest_Generation[sdk=iphoneos*]" = YES;
				"INFOPLIST_KEY_UIApplicationSceneManifest_Generation[sdk=iphonesimulator*]" = YES;
				"INFOPLIST_KEY_UIApplicationSupportsIndirectInputEvents[sdk=iphoneos*]" = YES;
				"INFOPLIST_KEY_UIApplicationSupportsIndirectInputEvents[sdk=iphonesimulator*]" = YES;
				"INFOPLIST_KEY_UILaunchScreen_Generation[sdk=iphoneos*]" = YES;
				"INFOPLIST_KEY_UILaunchScreen_Generation[sdk=iphonesimulator*]" = YES;
				"INFOPLIST_KEY_UIStatusBarStyle[sdk=iphoneos*]" = UIStatusBarStyleDefault;
				"INFOPLIST_KEY_UIStatusBarStyle[sdk=iphonesimulator*]" = UIStatusBarStyleDefault;
				INFOPLIST_KEY_UISupportedInterfaceOrientations_iPad = "UIInterfaceOrientationPortrait UIInterfaceOrientationPortraitUpsideDown UIInterfaceOrientationLandscapeLeft UIInterfaceOrientationLandscapeRight";
				INFOPLIST_KEY_UISupportedInterfaceOrientations_iPhone = UIInterfaceOrientationPortrait;
				IPHONEOS_DEPLOYMENT_TARGET = 17.2;
				LD_RUNPATH_SEARCH_PATHS = "@executable_path/Frameworks";
				"LD_RUNPATH_SEARCH_PATHS[sdk=macosx*]" = "@executable_path/../Frameworks";
				MACOSX_DEPLOYMENT_TARGET = 14.0;
				MARKETING_VERSION = 1.0;
				PRODUCT_BUNDLE_IDENTIFIER = "Tyson-Freeze.Disclosure";
				PRODUCT_NAME = "$(TARGET_NAME)";
				SDKROOT = auto;
				SUPPORTED_PLATFORMS = "iphoneos iphonesimulator macosx";
				SWIFT_EMIT_LOC_STRINGS = YES;
				SWIFT_VERSION = 5.0;
				TARGETED_DEVICE_FAMILY = "1,2";
			};
			name = Debug;
		};
		D6C81F202B6869D60010CFED /* Release */ = {
			isa = XCBuildConfiguration;
			buildSettings = {
				ALWAYS_EMBED_SWIFT_STANDARD_LIBRARIES = YES;
				ASSETCATALOG_COMPILER_APPICON_NAME = AppIcon;
				ASSETCATALOG_COMPILER_GLOBAL_ACCENT_COLOR_NAME = AccentColor;
				CODE_SIGN_ENTITLEMENTS = Disclosure/Disclosure.entitlements;
				CODE_SIGN_STYLE = Automatic;
				CURRENT_PROJECT_VERSION = 1;
				DEVELOPMENT_ASSET_PATHS = "\"Disclosure/Preview Content\"";
				DEVELOPMENT_TEAM = RZ775S6QM6;
				ENABLE_PREVIEWS = YES;
				GENERATE_INFOPLIST_FILE = YES;
				INFOPLIST_FILE = Disclosure/Info.plist;
				"INFOPLIST_KEY_UIApplicationSceneManifest_Generation[sdk=iphoneos*]" = YES;
				"INFOPLIST_KEY_UIApplicationSceneManifest_Generation[sdk=iphonesimulator*]" = YES;
				"INFOPLIST_KEY_UIApplicationSupportsIndirectInputEvents[sdk=iphoneos*]" = YES;
				"INFOPLIST_KEY_UIApplicationSupportsIndirectInputEvents[sdk=iphonesimulator*]" = YES;
				"INFOPLIST_KEY_UILaunchScreen_Generation[sdk=iphoneos*]" = YES;
				"INFOPLIST_KEY_UILaunchScreen_Generation[sdk=iphonesimulator*]" = YES;
				"INFOPLIST_KEY_UIStatusBarStyle[sdk=iphoneos*]" = UIStatusBarStyleDefault;
				"INFOPLIST_KEY_UIStatusBarStyle[sdk=iphonesimulator*]" = UIStatusBarStyleDefault;
				INFOPLIST_KEY_UISupportedInterfaceOrientations_iPad = "UIInterfaceOrientationPortrait UIInterfaceOrientationPortraitUpsideDown UIInterfaceOrientationLandscapeLeft UIInterfaceOrientationLandscapeRight";
				INFOPLIST_KEY_UISupportedInterfaceOrientations_iPhone = UIInterfaceOrientationPortrait;
				IPHONEOS_DEPLOYMENT_TARGET = 17.2;
				LD_RUNPATH_SEARCH_PATHS = "@executable_path/Frameworks";
				"LD_RUNPATH_SEARCH_PATHS[sdk=macosx*]" = "@executable_path/../Frameworks";
				MACOSX_DEPLOYMENT_TARGET = 14.0;
				MARKETING_VERSION = 1.0;
				PRODUCT_BUNDLE_IDENTIFIER = "Tyson-Freeze.Disclosure";
				PRODUCT_NAME = "$(TARGET_NAME)";
				SDKROOT = auto;
				SUPPORTED_PLATFORMS = "iphoneos iphonesimulator macosx";
				SWIFT_EMIT_LOC_STRINGS = YES;
				SWIFT_VERSION = 5.0;
				TARGETED_DEVICE_FAMILY = "1,2";
			};
			name = Release;
		};
/* End XCBuildConfiguration section */

/* Begin XCConfigurationList section */
		D6097F872BAD4920001405AE /* Build configuration list for PBXNativeTarget "DisclosureWidgetsExtension" */ = {
			isa = XCConfigurationList;
			buildConfigurations = (
				D6097F882BAD4920001405AE /* Debug */,
				D6097F892BAD4920001405AE /* Release */,
			);
			defaultConfigurationIsVisible = 0;
			defaultConfigurationName = Release;
		};
		D6C81F082B6869D50010CFED /* Build configuration list for PBXProject "Disclosure" */ = {
			isa = XCConfigurationList;
			buildConfigurations = (
				D6C81F1C2B6869D60010CFED /* Debug */,
				D6C81F1D2B6869D60010CFED /* Release */,
			);
			defaultConfigurationIsVisible = 0;
			defaultConfigurationName = Release;
		};
		D6C81F1E2B6869D60010CFED /* Build configuration list for PBXNativeTarget "Disclosure" */ = {
			isa = XCConfigurationList;
			buildConfigurations = (
				D6C81F1F2B6869D60010CFED /* Debug */,
				D6C81F202B6869D60010CFED /* Release */,
			);
			defaultConfigurationIsVisible = 0;
			defaultConfigurationName = Release;
		};
/* End XCConfigurationList section */

/* Begin XCRemoteSwiftPackageReference section */
		D6111E882B941D7D003F0801 /* XCRemoteSwiftPackageReference "iPhoneNumberField" */ = {
			isa = XCRemoteSwiftPackageReference;
			repositoryURL = "https://github.com/MojtabaHs/iPhoneNumberField.git";
			requirement = {
				kind = upToNextMajorVersion;
				minimumVersion = 0.10.1;
			};
		};
/* End XCRemoteSwiftPackageReference section */

/* Begin XCSwiftPackageProductDependency section */
		D6111E892B941D7D003F0801 /* iPhoneNumberField */ = {
			isa = XCSwiftPackageProductDependency;
			package = D6111E882B941D7D003F0801 /* XCRemoteSwiftPackageReference "iPhoneNumberField" */;
			productName = iPhoneNumberField;
		};
/* End XCSwiftPackageProductDependency section */
	};
	rootObject = D6C81F052B6869D50010CFED /* Project object */;
}
